
Microsoft Visual Studio Solution File, Format Version 12.00
# Visual Studio 15
VisualStudioVersion = 15.0.28010.2003
MinimumVisualStudioVersion = 10.0.40219.1
Project("{FAE04EC0-301F-11D3-BF4B-00C04F79EFBC}") = "ExArbeteJonas", "ExArbeteJonas\ExArbeteJonas.csproj", "{3454ADA0-4A3D-4B40-BE8F-F9BAD2085C94}"
EndProject
Global
	GlobalSection(SolutionConfigurationPlatforms) = preSolution
		Debug|Any CPU = Debug|Any CPU
		Release|Any CPU = Release|Any CPU
	EndGlobalSection
	GlobalSection(ProjectConfigurationPlatforms) = postSolution
		{3454ADA0-4A3D-4B40-BE8F-F9BAD2085C94}.Debug|Any CPU.ActiveCfg = Debug|Any CPU
		{3454ADA0-4A3D-4B40-BE8F-F9BAD2085C94}.Debug|Any CPU.Build.0 = Debug|Any CPU
		{3454ADA0-4A3D-4B40-BE8F-F9BAD2085C94}.Release|Any CPU.ActiveCfg = Release|Any CPU
		{3454ADA0-4A3D-4B40-BE8F-F9BAD2085C94}.Release|Any CPU.Build.0 = Release|Any CPU
	EndGlobalSection
	GlobalSection(SolutionProperties) = preSolution
		HideSolutionNode = FALSE
	EndGlobalSection
	GlobalSection(ExtensibilityGlobals) = postSolution
		SolutionGuid = {24F4C5FA-B290-4C32-9783-DE110F5AAFA6}
	EndGlobalSection
EndGlobal
